
Microsoft Visual Studio Solution File, Format Version 12.00
# Visual Studio Version 16
VisualStudioVersion = 16.0.29215.179
MinimumVisualStudioVersion = 10.0.40219.1
Project("{FAE04EC0-301F-11D3-BF4B-00C04F79EFBC}") = "MyBankModel", "MyBankModel\MyBankModel.csproj", "{780217FF-34ED-4D8C-A5AD-1ED325422214}"
EndProject
Project("{FAE04EC0-301F-11D3-BF4B-00C04F79EFBC}") = "MyBankModel.Tests", "MyBankModel.Tests\MyBankModel.Tests.csproj", "{631D3D82-6C7F-464F-8F08-D78F7BA51E0B}"
EndProject
Global
	GlobalSection(SolutionConfigurationPlatforms) = preSolution
		Debug|Any CPU = Debug|Any CPU
		Release|Any CPU = Release|Any CPU
	EndGlobalSection
	GlobalSection(ProjectConfigurationPlatforms) = postSolution
		{780217FF-34ED-4D8C-A5AD-1ED325422214}.Debug|Any CPU.ActiveCfg = Debug|Any CPU
		{780217FF-34ED-4D8C-A5AD-1ED325422214}.Debug|Any CPU.Build.0 = Debug|Any CPU
		{780217FF-34ED-4D8C-A5AD-1ED325422214}.Release|Any CPU.ActiveCfg = Release|Any CPU
		{780217FF-34ED-4D8C-A5AD-1ED325422214}.Release|Any CPU.Build.0 = Release|Any CPU
		{631D3D82-6C7F-464F-8F08-D78F7BA51E0B}.Debug|Any CPU.ActiveCfg = Debug|Any CPU
		{631D3D82-6C7F-464F-8F08-D78F7BA51E0B}.Debug|Any CPU.Build.0 = Debug|Any CPU
		{631D3D82-6C7F-464F-8F08-D78F7BA51E0B}.Release|Any CPU.ActiveCfg = Release|Any CPU
		{631D3D82-6C7F-464F-8F08-D78F7BA51E0B}.Release|Any CPU.Build.0 = Release|Any CPU
	EndGlobalSection
	GlobalSection(SolutionProperties) = preSolution
		HideSolutionNode = FALSE
	EndGlobalSection
	GlobalSection(ExtensibilityGlobals) = postSolution
		SolutionGuid = {B06ACFE5-9B05-4C80-96F7-FF927B3F42F4}
	EndGlobalSection
EndGlobal
